// !$*UTF8*$!
{
	archiveVersion = 1;
	classes = {
	};
	objectVersion = 56;
	objects = {

/* Begin PBXBuildFile section */
		71C1313F29C48C7D007B8D99 /* AppDelegate.swift in Sources */ = {isa = PBXBuildFile; fileRef = 71C1313E29C48C7D007B8D99 /* AppDelegate.swift */; };
		71C1314829C48CA2007B8D99 /* Assets.xcassets in Resources */ = {isa = PBXBuildFile; fileRef = 71C1314729C48CA2007B8D99 /* Assets.xcassets */; };
		71C1314B29C48CA2007B8D99 /* LaunchScreen.storyboard in Resources */ = {isa = PBXBuildFile; fileRef = 71C1314929C48CA2007B8D99 /* LaunchScreen.storyboard */; };
		71C1315929C48D1A007B8D99 /* AppRouter.swift in Sources */ = {isa = PBXBuildFile; fileRef = 71C1315829C48D1A007B8D99 /* AppRouter.swift */; };
		71C1315B29C48ED5007B8D99 /* AppCore.swift in Sources */ = {isa = PBXBuildFile; fileRef = 71C1315A29C48ED5007B8D99 /* AppCore.swift */; };
		71F4905629C49B86009B9647 /* InitialSceneViewController.xib in Sources */ = {isa = PBXBuildFile; fileRef = 71FEE5FE29C491BF0027FC39 /* InitialSceneViewController.xib */; };
		71FEE5D829C490610027FC39 /* AppCoreContract.swift in Sources */ = {isa = PBXBuildFile; fileRef = 71FEE5D729C490610027FC39 /* AppCoreContract.swift */; };
		71FEE5DC29C490890027FC39 /* AppNetworkLayer.swift in Sources */ = {isa = PBXBuildFile; fileRef = 71FEE5DB29C490890027FC39 /* AppNetworkLayer.swift */; };
		71FEE5DE29C490AC0027FC39 /* AppNetworkLayerContract.swift in Sources */ = {isa = PBXBuildFile; fileRef = 71FEE5DD29C490AC0027FC39 /* AppNetworkLayerContract.swift */; };
		71FEE5E129C490D00027FC39 /* ItemModel.swift in Sources */ = {isa = PBXBuildFile; fileRef = 71FEE5E029C490D00027FC39 /* ItemModel.swift */; };
		71FEE5E429C490F30027FC39 /* BaseViewController.swift in Sources */ = {isa = PBXBuildFile; fileRef = 71FEE5E329C490F30027FC39 /* BaseViewController.swift */; };
		71FEE5E629C491160027FC39 /* NibLoadableView.swift in Sources */ = {isa = PBXBuildFile; fileRef = 71FEE5E529C491160027FC39 /* NibLoadableView.swift */; };
		71FEE5F529C491710027FC39 /* InitialScenePresenter.swift in Sources */ = {isa = PBXBuildFile; fileRef = 71FEE5F329C491710027FC39 /* InitialScenePresenter.swift */; };
		71FEE5F629C491710027FC39 /* InitialScenePresenterContract.swift in Sources */ = {isa = PBXBuildFile; fileRef = 71FEE5F429C491710027FC39 /* InitialScenePresenterContract.swift */; };
		71FEE5F829C4917B0027FC39 /* InitialScenePresenterService.swift in Sources */ = {isa = PBXBuildFile; fileRef = 71FEE5F729C4917B0027FC39 /* InitialScenePresenterService.swift */; };
		71FEE5FC29C491A20027FC39 /* InitialSceneViewModel.swift in Sources */ = {isa = PBXBuildFile; fileRef = 71FEE5FB29C491A20027FC39 /* InitialSceneViewModel.swift */; };
		71FEE60129C491BF0027FC39 /* InitialSceneViewController.swift in Sources */ = {isa = PBXBuildFile; fileRef = 71FEE60029C491BF0027FC39 /* InitialSceneViewController.swift */; };
		71FEE60229C491C00027FC39 /* InitialSceneViewControllerContract.swift in Sources */ = {isa = PBXBuildFile; fileRef = 71FEE5FF29C491BF0027FC39 /* InitialSceneViewControllerContract.swift */; };
		71FEE60629C491CF0027FC39 /* InitialSceneInteractorContract.swift in Sources */ = {isa = PBXBuildFile; fileRef = 71FEE60529C491CF0027FC39 /* InitialSceneInteractorContract.swift */; };
		71FEE60729C491CF0027FC39 /* InitialSceneInteractor.swift in Sources */ = {isa = PBXBuildFile; fileRef = 71FEE60429C491CE0027FC39 /* InitialSceneInteractor.swift */; };
		71FEE60929C491D30027FC39 /* InitialSceneInteractorService.swift in Sources */ = {isa = PBXBuildFile; fileRef = 71FEE60829C491D30027FC39 /* InitialSceneInteractorService.swift */; };
		71FEE60E29C491EF0027FC39 /* InitialSceneRouter.swift in Sources */ = {isa = PBXBuildFile; fileRef = 71FEE60D29C491EF0027FC39 /* InitialSceneRouter.swift */; };
		71FEE60F29C491EF0027FC39 /* InitialSceneRouterContract.swift in Sources */ = {isa = PBXBuildFile; fileRef = 71FEE60C29C491EF0027FC39 /* InitialSceneRouterContract.swift */; };
/* End PBXBuildFile section */

/* Begin PBXFileReference section */
		71C1313B29C48C7C007B8D99 /* PhantomTypesExample.app */ = {isa = PBXFileReference; explicitFileType = wrapper.application; includeInIndex = 0; path = PhantomTypesExample.app; sourceTree = BUILT_PRODUCTS_DIR; };
		71C1313E29C48C7D007B8D99 /* AppDelegate.swift */ = {isa = PBXFileReference; lastKnownFileType = sourcecode.swift; path = AppDelegate.swift; sourceTree = "<group>"; };
		71C1314729C48CA2007B8D99 /* Assets.xcassets */ = {isa = PBXFileReference; lastKnownFileType = folder.assetcatalog; path = Assets.xcassets; sourceTree = "<group>"; };
		71C1314A29C48CA2007B8D99 /* Base */ = {isa = PBXFileReference; lastKnownFileType = file.storyboard; name = Base; path = Base.lproj/LaunchScreen.storyboard; sourceTree = "<group>"; };
		71C1314C29C48CA2007B8D99 /* Info.plist */ = {isa = PBXFileReference; lastKnownFileType = text.plist.xml; path = Info.plist; sourceTree = "<group>"; };
		71C1315829C48D1A007B8D99 /* AppRouter.swift */ = {isa = PBXFileReference; lastKnownFileType = sourcecode.swift; path = AppRouter.swift; sourceTree = "<group>"; };
		71C1315A29C48ED5007B8D99 /* AppCore.swift */ = {isa = PBXFileReference; lastKnownFileType = sourcecode.swift; path = AppCore.swift; sourceTree = "<group>"; };
		71FEE5D729C490610027FC39 /* AppCoreContract.swift */ = {isa = PBXFileReference; lastKnownFileType = sourcecode.swift; path = AppCoreContract.swift; sourceTree = "<group>"; };
		71FEE5DB29C490890027FC39 /* AppNetworkLayer.swift */ = {isa = PBXFileReference; lastKnownFileType = sourcecode.swift; path = AppNetworkLayer.swift; sourceTree = "<group>"; };
		71FEE5DD29C490AC0027FC39 /* AppNetworkLayerContract.swift */ = {isa = PBXFileReference; lastKnownFileType = sourcecode.swift; path = AppNetworkLayerContract.swift; sourceTree = "<group>"; };
		71FEE5E029C490D00027FC39 /* ItemModel.swift */ = {isa = PBXFileReference; lastKnownFileType = sourcecode.swift; path = ItemModel.swift; sourceTree = "<group>"; };
		71FEE5E329C490F30027FC39 /* BaseViewController.swift */ = {isa = PBXFileReference; lastKnownFileType = sourcecode.swift; path = BaseViewController.swift; sourceTree = "<group>"; };
		71FEE5E529C491160027FC39 /* NibLoadableView.swift */ = {isa = PBXFileReference; lastKnownFileType = sourcecode.swift; path = NibLoadableView.swift; sourceTree = "<group>"; };
		71FEE5F329C491710027FC39 /* InitialScenePresenter.swift */ = {isa = PBXFileReference; lastKnownFileType = sourcecode.swift; path = InitialScenePresenter.swift; sourceTree = "<group>"; };
		71FEE5F429C491710027FC39 /* InitialScenePresenterContract.swift */ = {isa = PBXFileReference; lastKnownFileType = sourcecode.swift; path = InitialScenePresenterContract.swift; sourceTree = "<group>"; };
		71FEE5F729C4917B0027FC39 /* InitialScenePresenterService.swift */ = {isa = PBXFileReference; lastKnownFileType = sourcecode.swift; path = InitialScenePresenterService.swift; sourceTree = "<group>"; };
		71FEE5FB29C491A20027FC39 /* InitialSceneViewModel.swift */ = {isa = PBXFileReference; lastKnownFileType = sourcecode.swift; path = InitialSceneViewModel.swift; sourceTree = "<group>"; };
		71FEE5FE29C491BF0027FC39 /* InitialSceneViewController.xib */ = {isa = PBXFileReference; lastKnownFileType = file.xib; path = InitialSceneViewController.xib; sourceTree = "<group>"; };
		71FEE5FF29C491BF0027FC39 /* InitialSceneViewControllerContract.swift */ = {isa = PBXFileReference; lastKnownFileType = sourcecode.swift; path = InitialSceneViewControllerContract.swift; sourceTree = "<group>"; };
		71FEE60029C491BF0027FC39 /* InitialSceneViewController.swift */ = {isa = PBXFileReference; lastKnownFileType = sourcecode.swift; path = InitialSceneViewController.swift; sourceTree = "<group>"; };
		71FEE60429C491CE0027FC39 /* InitialSceneInteractor.swift */ = {isa = PBXFileReference; lastKnownFileType = sourcecode.swift; path = InitialSceneInteractor.swift; sourceTree = "<group>"; };
		71FEE60529C491CF0027FC39 /* InitialSceneInteractorContract.swift */ = {isa = PBXFileReference; lastKnownFileType = sourcecode.swift; path = InitialSceneInteractorContract.swift; sourceTree = "<group>"; };
		71FEE60829C491D30027FC39 /* InitialSceneInteractorService.swift */ = {isa = PBXFileReference; lastKnownFileType = sourcecode.swift; path = InitialSceneInteractorService.swift; sourceTree = "<group>"; };
		71FEE60C29C491EF0027FC39 /* InitialSceneRouterContract.swift */ = {isa = PBXFileReference; lastKnownFileType = sourcecode.swift; path = InitialSceneRouterContract.swift; sourceTree = "<group>"; };
		71FEE60D29C491EF0027FC39 /* InitialSceneRouter.swift */ = {isa = PBXFileReference; lastKnownFileType = sourcecode.swift; path = InitialSceneRouter.swift; sourceTree = "<group>"; };
/* End PBXFileReference section */

/* Begin PBXFrameworksBuildPhase section */
		71C1313829C48C7C007B8D99 /* Frameworks */ = {
			isa = PBXFrameworksBuildPhase;
			buildActionMask = 2147483647;
			files = (
			);
			runOnlyForDeploymentPostprocessing = 0;
		};
/* End PBXFrameworksBuildPhase section */

/* Begin PBXGroup section */
		71C1313229C48C7C007B8D99 = {
			isa = PBXGroup;
			children = (
				71C1313D29C48C7C007B8D99 /* PhantomTypesExample */,
				71C1313C29C48C7C007B8D99 /* Products */,
			);
			sourceTree = "<group>";
		};
		71C1313C29C48C7C007B8D99 /* Products */ = {
			isa = PBXGroup;
			children = (
				71C1313B29C48C7C007B8D99 /* PhantomTypesExample.app */,
			);
			name = Products;
			sourceTree = "<group>";
		};
		71C1313D29C48C7C007B8D99 /* PhantomTypesExample */ = {
			isa = PBXGroup;
			children = (
				71C1315429C48CEF007B8D99 /* Application */,
				71FEE5E229C490E10027FC39 /* Common */,
				71FEE5E729C491270027FC39 /* Modules */,
				71C1315229C48CD4007B8D99 /* SupportingFiles */,
				71C1315329C48CE2007B8D99 /* LaunchScreen */,
			);
			path = PhantomTypesExample;
			sourceTree = "<group>";
		};
		71C1315229C48CD4007B8D99 /* SupportingFiles */ = {
			isa = PBXGroup;
			children = (
				71C1314729C48CA2007B8D99 /* Assets.xcassets */,
				71C1314C29C48CA2007B8D99 /* Info.plist */,
			);
			path = SupportingFiles;
			sourceTree = "<group>";
		};
		71C1315329C48CE2007B8D99 /* LaunchScreen */ = {
			isa = PBXGroup;
			children = (
				71C1314929C48CA2007B8D99 /* LaunchScreen.storyboard */,
			);
			path = LaunchScreen;
			sourceTree = "<group>";
		};
		71C1315429C48CEF007B8D99 /* Application */ = {
			isa = PBXGroup;
			children = (
				71C1315729C48D0C007B8D99 /* AppRouter */,
				71C1315629C48D04007B8D99 /* AppDelegate */,
				71C1315529C48CFD007B8D99 /* AppCore */,
			);
			path = Application;
			sourceTree = "<group>";
		};
		71C1315529C48CFD007B8D99 /* AppCore */ = {
			isa = PBXGroup;
			children = (
				71FEE5D929C490720027FC39 /* Layers */,
				71C1315A29C48ED5007B8D99 /* AppCore.swift */,
				71FEE5D729C490610027FC39 /* AppCoreContract.swift */,
			);
			path = AppCore;
			sourceTree = "<group>";
		};
		71C1315629C48D04007B8D99 /* AppDelegate */ = {
			isa = PBXGroup;
			children = (
				71C1313E29C48C7D007B8D99 /* AppDelegate.swift */,
			);
			path = AppDelegate;
			sourceTree = "<group>";
		};
		71C1315729C48D0C007B8D99 /* AppRouter */ = {
			isa = PBXGroup;
			children = (
				71C1315829C48D1A007B8D99 /* AppRouter.swift */,
			);
			path = AppRouter;
			sourceTree = "<group>";
		};
		71FEE5D929C490720027FC39 /* Layers */ = {
			isa = PBXGroup;
			children = (
				71FEE5DA29C490780027FC39 /* NetworkLayer */,
			);
			path = Layers;
			sourceTree = "<group>";
		};
		71FEE5DA29C490780027FC39 /* NetworkLayer */ = {
			isa = PBXGroup;
			children = (
				71FEE5DF29C490BC0027FC39 /* Models */,
				71FEE5DB29C490890027FC39 /* AppNetworkLayer.swift */,
				71FEE5DD29C490AC0027FC39 /* AppNetworkLayerContract.swift */,
			);
			path = NetworkLayer;
			sourceTree = "<group>";
		};
		71FEE5DF29C490BC0027FC39 /* Models */ = {
			isa = PBXGroup;
			children = (
				71FEE5E029C490D00027FC39 /* ItemModel.swift */,
			);
			path = Models;
			sourceTree = "<group>";
		};
		71FEE5E229C490E10027FC39 /* Common */ = {
			isa = PBXGroup;
			children = (
				71FEE5E329C490F30027FC39 /* BaseViewController.swift */,
				71FEE5E529C491160027FC39 /* NibLoadableView.swift */,
			);
			path = Common;
			sourceTree = "<group>";
		};
		71FEE5E729C491270027FC39 /* Modules */ = {
			isa = PBXGroup;
			children = (
				71FEE5E829C4912E0027FC39 /* InitialScene */,
			);
			path = Modules;
			sourceTree = "<group>";
		};
		71FEE5E829C4912E0027FC39 /* InitialScene */ = {
			isa = PBXGroup;
			children = (
				71FEE61029C491F70027FC39 /* Router */,
				71FEE5FD29C491A50027FC39 /* ViewModel */,
				71FEE60A29C491DE0027FC39 /* Interactor */,
				71FEE5F929C4918A0027FC39 /* Presenter */,
				71FEE60329C491C70027FC39 /* View */,
			);
			path = InitialScene;
			sourceTree = "<group>";
		};
		71FEE5F929C4918A0027FC39 /* Presenter */ = {
			isa = PBXGroup;
			children = (
				71FEE5FA29C491970027FC39 /* Service */,
				71FEE5F329C491710027FC39 /* InitialScenePresenter.swift */,
				71FEE5F429C491710027FC39 /* InitialScenePresenterContract.swift */,
			);
			path = Presenter;
			sourceTree = "<group>";
		};
		71FEE5FA29C491970027FC39 /* Service */ = {
			isa = PBXGroup;
			children = (
				71FEE5F729C4917B0027FC39 /* InitialScenePresenterService.swift */,
			);
			path = Service;
			sourceTree = "<group>";
		};
		71FEE5FD29C491A50027FC39 /* ViewModel */ = {
			isa = PBXGroup;
			children = (
				71FEE5FB29C491A20027FC39 /* InitialSceneViewModel.swift */,
			);
			path = ViewModel;
			sourceTree = "<group>";
		};
		71FEE60329C491C70027FC39 /* View */ = {
			isa = PBXGroup;
			children = (
				71FEE60029C491BF0027FC39 /* InitialSceneViewController.swift */,
				71FEE5FE29C491BF0027FC39 /* InitialSceneViewController.xib */,
				71FEE5FF29C491BF0027FC39 /* InitialSceneViewControllerContract.swift */,
			);
			path = View;
			sourceTree = "<group>";
		};
		71FEE60A29C491DE0027FC39 /* Interactor */ = {
			isa = PBXGroup;
			children = (
				71FEE60B29C491E60027FC39 /* Service */,
				71FEE60429C491CE0027FC39 /* InitialSceneInteractor.swift */,
				71FEE60529C491CF0027FC39 /* InitialSceneInteractorContract.swift */,
			);
			path = Interactor;
			sourceTree = "<group>";
		};
		71FEE60B29C491E60027FC39 /* Service */ = {
			isa = PBXGroup;
			children = (
				71FEE60829C491D30027FC39 /* InitialSceneInteractorService.swift */,
			);
			path = Service;
			sourceTree = "<group>";
		};
		71FEE61029C491F70027FC39 /* Router */ = {
			isa = PBXGroup;
			children = (
				71FEE60D29C491EF0027FC39 /* InitialSceneRouter.swift */,
				71FEE60C29C491EF0027FC39 /* InitialSceneRouterContract.swift */,
			);
			path = Router;
			sourceTree = "<group>";
		};
/* End PBXGroup section */

/* Begin PBXNativeTarget section */
		71C1313A29C48C7C007B8D99 /* PhantomTypesExample */ = {
			isa = PBXNativeTarget;
			buildConfigurationList = 71C1314F29C48CA2007B8D99 /* Build configuration list for PBXNativeTarget "PhantomTypesExample" */;
			buildPhases = (
				71C1313729C48C7C007B8D99 /* Sources */,
				71C1313829C48C7C007B8D99 /* Frameworks */,
				71C1313929C48C7C007B8D99 /* Resources */,
			);
			buildRules = (
			);
			dependencies = (
			);
			name = PhantomTypesExample;
			productName = PhantomTypesExample;
			productReference = 71C1313B29C48C7C007B8D99 /* PhantomTypesExample.app */;
			productType = "com.apple.product-type.application";
		};
/* End PBXNativeTarget section */

/* Begin PBXProject section */
		71C1313329C48C7C007B8D99 /* Project object */ = {
			isa = PBXProject;
			attributes = {
				BuildIndependentTargetsInParallel = 1;
				LastSwiftUpdateCheck = 1420;
				LastUpgradeCheck = 1420;
				TargetAttributes = {
					71C1313A29C48C7C007B8D99 = {
						CreatedOnToolsVersion = 14.2;
					};
				};
			};
			buildConfigurationList = 71C1313629C48C7C007B8D99 /* Build configuration list for PBXProject "PhantomTypesExample" */;
			compatibilityVersion = "Xcode 14.0";
			developmentRegion = en;
			hasScannedForEncodings = 0;
			knownRegions = (
				en,
				Base,
			);
			mainGroup = 71C1313229C48C7C007B8D99;
			productRefGroup = 71C1313C29C48C7C007B8D99 /* Products */;
			projectDirPath = "";
			projectRoot = "";
			targets = (
				71C1313A29C48C7C007B8D99 /* PhantomTypesExample */,
			);
		};
/* End PBXProject section */

/* Begin PBXResourcesBuildPhase section */
		71C1313929C48C7C007B8D99 /* Resources */ = {
			isa = PBXResourcesBuildPhase;
			buildActionMask = 2147483647;
			files = (
				71C1314B29C48CA2007B8D99 /* LaunchScreen.storyboard in Resources */,
				71C1314829C48CA2007B8D99 /* Assets.xcassets in Resources */,
			);
			runOnlyForDeploymentPostprocessing = 0;
		};
/* End PBXResourcesBuildPhase section */

/* Begin PBXSourcesBuildPhase section */
		71C1313729C48C7C007B8D99 /* Sources */ = {
			isa = PBXSourcesBuildPhase;
			buildActionMask = 2147483647;
			files = (
				71F4905629C49B86009B9647 /* InitialSceneViewController.xib in Sources */,
				71FEE60629C491CF0027FC39 /* InitialSceneInteractorContract.swift in Sources */,
				71FEE5DE29C490AC0027FC39 /* AppNetworkLayerContract.swift in Sources */,
				71FEE5DC29C490890027FC39 /* AppNetworkLayer.swift in Sources */,
				71FEE5D829C490610027FC39 /* AppCoreContract.swift in Sources */,
				71FEE60929C491D30027FC39 /* InitialSceneInteractorService.swift in Sources */,
				71FEE5E629C491160027FC39 /* NibLoadableView.swift in Sources */,
				71FEE5F629C491710027FC39 /* InitialScenePresenterContract.swift in Sources */,
				71C1315B29C48ED5007B8D99 /* AppCore.swift in Sources */,
				71C1315929C48D1A007B8D99 /* AppRouter.swift in Sources */,
				71FEE60E29C491EF0027FC39 /* InitialSceneRouter.swift in Sources */,
				71FEE60229C491C00027FC39 /* InitialSceneViewControllerContract.swift in Sources */,
				71FEE60729C491CF0027FC39 /* InitialSceneInteractor.swift in Sources */,
				71FEE60F29C491EF0027FC39 /* InitialSceneRouterContract.swift in Sources */,
				71FEE5E429C490F30027FC39 /* BaseViewController.swift in Sources */,
				71FEE60129C491BF0027FC39 /* InitialSceneViewController.swift in Sources */,
				71FEE5E129C490D00027FC39 /* ItemModel.swift in Sources */,
				71FEE5F529C491710027FC39 /* InitialScenePresenter.swift in Sources */,
				71FEE5FC29C491A20027FC39 /* InitialSceneViewModel.swift in Sources */,
				71FEE5F829C4917B0027FC39 /* InitialScenePresenterService.swift in Sources */,
				71C1313F29C48C7D007B8D99 /* AppDelegate.swift in Sources */,
			);
			runOnlyForDeploymentPostprocessing = 0;
		};
/* End PBXSourcesBuildPhase section */

/* Begin PBXVariantGroup section */
		71C1314929C48CA2007B8D99 /* LaunchScreen.storyboard */ = {
			isa = PBXVariantGroup;
			children = (
				71C1314A29C48CA2007B8D99 /* Base */,
			);
			name = LaunchScreen.storyboard;
			sourceTree = "<group>";
		};
/* End PBXVariantGroup section */

/* Begin XCBuildConfiguration section */
		71C1314D29C48CA2007B8D99 /* Debug */ = {
			isa = XCBuildConfiguration;
			buildSettings = {
				ALWAYS_SEARCH_USER_PATHS = NO;
				CLANG_ANALYZER_NONNULL = YES;
				CLANG_ANALYZER_NUMBER_OBJECT_CONVERSION = YES_AGGRESSIVE;
				CLANG_CXX_LANGUAGE_STANDARD = "gnu++20";
				CLANG_ENABLE_MODULES = YES;
				CLANG_ENABLE_OBJC_ARC = YES;
				CLANG_ENABLE_OBJC_WEAK = YES;
				CLANG_WARN_BLOCK_CAPTURE_AUTORELEASING = YES;
				CLANG_WARN_BOOL_CONVERSION = YES;
				CLANG_WARN_COMMA = YES;
				CLANG_WARN_CONSTANT_CONVERSION = YES;
				CLANG_WARN_DEPRECATED_OBJC_IMPLEMENTATIONS = YES;
				CLANG_WARN_DIRECT_OBJC_ISA_USAGE = YES_ERROR;
				CLANG_WARN_DOCUMENTATION_COMMENTS = YES;
				CLANG_WARN_EMPTY_BODY = YES;
				CLANG_WARN_ENUM_CONVERSION = YES;
				CLANG_WARN_INFINITE_RECURSION = YES;
				CLANG_WARN_INT_CONVERSION = YES;
				CLANG_WARN_NON_LITERAL_NULL_CONVERSION = YES;
				CLANG_WARN_OBJC_IMPLICIT_RETAIN_SELF = YES;
				CLANG_WARN_OBJC_LITERAL_CONVERSION = YES;
				CLANG_WARN_OBJC_ROOT_CLASS = YES_ERROR;
				CLANG_WARN_QUOTED_INCLUDE_IN_FRAMEWORK_HEADER = YES;
				CLANG_WARN_RANGE_LOOP_ANALYSIS = YES;
				CLANG_WARN_STRICT_PROTOTYPES = YES;
				CLANG_WARN_SUSPICIOUS_MOVE = YES;
				CLANG_WARN_UNGUARDED_AVAILABILITY = YES_AGGRESSIVE;
				CLANG_WARN_UNREACHABLE_CODE = YES;
				CLANG_WARN__DUPLICATE_METHOD_MATCH = YES;
				COPY_PHASE_STRIP = NO;
				DEBUG_INFORMATION_FORMAT = dwarf;
				ENABLE_STRICT_OBJC_MSGSEND = YES;
				ENABLE_TESTABILITY = YES;
				GCC_C_LANGUAGE_STANDARD = gnu11;
				GCC_DYNAMIC_NO_PIC = NO;
				GCC_NO_COMMON_BLOCKS = YES;
				GCC_OPTIMIZATION_LEVEL = 0;
				GCC_PREPROCESSOR_DEFINITIONS = (
					"DEBUG=1",
					"$(inherited)",
				);
				GCC_WARN_64_TO_32_BIT_CONVERSION = YES;
				GCC_WARN_ABOUT_RETURN_TYPE = YES_ERROR;
				GCC_WARN_UNDECLARED_SELECTOR = YES;
				GCC_WARN_UNINITIALIZED_AUTOS = YES_AGGRESSIVE;
				GCC_WARN_UNUSED_FUNCTION = YES;
				GCC_WARN_UNUSED_VARIABLE = YES;
				IPHONEOS_DEPLOYMENT_TARGET = 16.2;
				MTL_ENABLE_DEBUG_INFO = INCLUDE_SOURCE;
				MTL_FAST_MATH = YES;
				ONLY_ACTIVE_ARCH = YES;
				SDKROOT = iphoneos;
				SWIFT_ACTIVE_COMPILATION_CONDITIONS = DEBUG;
				SWIFT_OPTIMIZATION_LEVEL = "-Onone";
			};
			name = Debug;
		};
		71C1314E29C48CA2007B8D99 /* Release */ = {
			isa = XCBuildConfiguration;
			buildSettings = {
				ALWAYS_SEARCH_USER_PATHS = NO;
				CLANG_ANALYZER_NONNULL = YES;
				CLANG_ANALYZER_NUMBER_OBJECT_CONVERSION = YES_AGGRESSIVE;
				CLANG_CXX_LANGUAGE_STANDARD = "gnu++20";
				CLANG_ENABLE_MODULES = YES;
				CLANG_ENABLE_OBJC_ARC = YES;
				CLANG_ENABLE_OBJC_WEAK = YES;
				CLANG_WARN_BLOCK_CAPTURE_AUTORELEASING = YES;
				CLANG_WARN_BOOL_CONVERSION = YES;
				CLANG_WARN_COMMA = YES;
				CLANG_WARN_CONSTANT_CONVERSION = YES;
				CLANG_WARN_DEPRECATED_OBJC_IMPLEMENTATIONS = YES;
				CLANG_WARN_DIRECT_OBJC_ISA_USAGE = YES_ERROR;
				CLANG_WARN_DOCUMENTATION_COMMENTS = YES;
				CLANG_WARN_EMPTY_BODY = YES;
				CLANG_WARN_ENUM_CONVERSION = YES;
				CLANG_WARN_INFINITE_RECURSION = YES;
				CLANG_WARN_INT_CONVERSION = YES;
				CLANG_WARN_NON_LITERAL_NULL_CONVERSION = YES;
				CLANG_WARN_OBJC_IMPLICIT_RETAIN_SELF = YES;
				CLANG_WARN_OBJC_LITERAL_CONVERSION = YES;
				CLANG_WARN_OBJC_ROOT_CLASS = YES_ERROR;
				CLANG_WARN_QUOTED_INCLUDE_IN_FRAMEWORK_HEADER = YES;
				CLANG_WARN_RANGE_LOOP_ANALYSIS = YES;
				CLANG_WARN_STRICT_PROTOTYPES = YES;
				CLANG_WARN_SUSPICIOUS_MOVE = YES;
				CLANG_WARN_UNGUARDED_AVAILABILITY = YES_AGGRESSIVE;
				CLANG_WARN_UNREACHABLE_CODE = YES;
				CLANG_WARN__DUPLICATE_METHOD_MATCH = YES;
				COPY_PHASE_STRIP = NO;
				DEBUG_INFORMATION_FORMAT = "dwarf-with-dsym";
				ENABLE_NS_ASSERTIONS = NO;
				ENABLE_STRICT_OBJC_MSGSEND = YES;
				GCC_C_LANGUAGE_STANDARD = gnu11;
				GCC_NO_COMMON_BLOCKS = YES;
				GCC_WARN_64_TO_32_BIT_CONVERSION = YES;
				GCC_WARN_ABOUT_RETURN_TYPE = YES_ERROR;
				GCC_WARN_UNDECLARED_SELECTOR = YES;
				GCC_WARN_UNINITIALIZED_AUTOS = YES_AGGRESSIVE;
				GCC_WARN_UNUSED_FUNCTION = YES;
				GCC_WARN_UNUSED_VARIABLE = YES;
				IPHONEOS_DEPLOYMENT_TARGET = 16.2;
				MTL_ENABLE_DEBUG_INFO = NO;
				MTL_FAST_MATH = YES;
				SDKROOT = iphoneos;
				SWIFT_COMPILATION_MODE = wholemodule;
				SWIFT_OPTIMIZATION_LEVEL = "-O";
				VALIDATE_PRODUCT = YES;
			};
			name = Release;
		};
		71C1315029C48CA2007B8D99 /* Debug */ = {
			isa = XCBuildConfiguration;
			buildSettings = {
				ASSETCATALOG_COMPILER_APPICON_NAME = AppIcon;
				ASSETCATALOG_COMPILER_GLOBAL_ACCENT_COLOR_NAME = AccentColor;
				CODE_SIGN_STYLE = Automatic;
				CURRENT_PROJECT_VERSION = 1.0;
				DEVELOPMENT_TEAM = 54L37Y4QC4;
				GENERATE_INFOPLIST_FILE = YES;
				INFOPLIST_FILE = PhantomTypesExample/SupportingFiles/Info.plist;
				INFOPLIST_KEY_LSApplicationCategoryType = "public.app-category.lifestyle";
				INFOPLIST_KEY_UIApplicationSupportsIndirectInputEvents = YES;
				INFOPLIST_KEY_UILaunchStoryboardName = LaunchScreen.storyboard;
				INFOPLIST_KEY_UISupportedInterfaceOrientations_iPad = "UIInterfaceOrientationPortrait UIInterfaceOrientationPortraitUpsideDown UIInterfaceOrientationLandscapeLeft UIInterfaceOrientationLandscapeRight";
				INFOPLIST_KEY_UISupportedInterfaceOrientations_iPhone = "UIInterfaceOrientationPortrait UIInterfaceOrientationLandscapeLeft UIInterfaceOrientationLandscapeRight";
				LD_RUNPATH_SEARCH_PATHS = (
					"$(inherited)",
					"@executable_path/Frameworks",
				);
				MARKETING_VERSION = 1.0;
				PRODUCT_BUNDLE_IDENTIFIER = com.yarizzer.PhantomTypesExample;
				PRODUCT_NAME = "$(TARGET_NAME)";
				SWIFT_EMIT_LOC_STRINGS = YES;
				SWIFT_VERSION = 5.0;
				TARGETED_DEVICE_FAMILY = "1,2";
			};
			name = Debug;
		};
		71C1315129C48CA2007B8D99 /* Release */ = {
			isa = XCBuildConfiguration;
			buildSettings = {
				ASSETCATALOG_COMPILER_APPICON_NAME = AppIcon;
				ASSETCATALOG_COMPILER_GLOBAL_ACCENT_COLOR_NAME = AccentColor;
				CODE_SIGN_STYLE = Automatic;
				CURRENT_PROJECT_VERSION = 1.0;
				DEVELOPMENT_TEAM = 54L37Y4QC4;
				GENERATE_INFOPLIST_FILE = YES;
				INFOPLIST_FILE = PhantomTypesExample/SupportingFiles/Info.plist;
				INFOPLIST_KEY_LSApplicationCategoryType = "public.app-category.lifestyle";
				INFOPLIST_KEY_UIApplicationSupportsIndirectInputEvents = YES;
				INFOPLIST_KEY_UILaunchStoryboardName = LaunchScreen.storyboard;
				INFOPLIST_KEY_UISupportedInterfaceOrientations_iPad = "UIInterfaceOrientationPortrait UIInterfaceOrientationPortraitUpsideDown UIInterfaceOrientationLandscapeLeft UIInterfaceOrientationLandscapeRight";
				INFOPLIST_KEY_UISupportedInterfaceOrientations_iPhone = "UIInterfaceOrientationPortrait UIInterfaceOrientationLandscapeLeft UIInterfaceOrientationLandscapeRight";
				LD_RUNPATH_SEARCH_PATHS = (
					"$(inherited)",
					"@executable_path/Frameworks",
				);
				MARKETING_VERSION = 1.0;
				PRODUCT_BUNDLE_IDENTIFIER = com.yarizzer.PhantomTypesExample;
				PRODUCT_NAME = "$(TARGET_NAME)";
				SWIFT_EMIT_LOC_STRINGS = YES;
				SWIFT_VERSION = 5.0;
				TARGETED_DEVICE_FAMILY = "1,2";
			};
			name = Release;
		};
/* End XCBuildConfiguration section */

/* Begin XCConfigurationList section */
		71C1313629C48C7C007B8D99 /* Build configuration list for PBXProject "PhantomTypesExample" */ = {
			isa = XCConfigurationList;
			buildConfigurations = (
				71C1314D29C48CA2007B8D99 /* Debug */,
				71C1314E29C48CA2007B8D99 /* Release */,
			);
			defaultConfigurationIsVisible = 0;
			defaultConfigurationName = Release;
		};
		71C1314F29C48CA2007B8D99 /* Build configuration list for PBXNativeTarget "PhantomTypesExample" */ = {
			isa = XCConfigurationList;
			buildConfigurations = (
				71C1315029C48CA2007B8D99 /* Debug */,
				71C1315129C48CA2007B8D99 /* Release */,
			);
			defaultConfigurationIsVisible = 0;
			defaultConfigurationName = Release;
		};
/* End XCConfigurationList section */
	};
	rootObject = 71C1313329C48C7C007B8D99 /* Project object */;
}
